
Microsoft Visual Studio Solution File, Format Version 12.00
# Visual Studio Version 16
VisualStudioVersion = 16.0.30114.105
MinimumVisualStudioVersion = 10.0.40219.1
Project("{FAE04EC0-301F-11D3-BF4B-00C04F79EFBC}") = "gendey", "gendey\gendey.csproj", "{E9884055-1567-42BA-9381-616729A8F94B}"
EndProject
Global
	GlobalSection(SolutionConfigurationPlatforms) = preSolution
		Debug|Any CPU = Debug|Any CPU
		Release|Any CPU = Release|Any CPU
	EndGlobalSection
	GlobalSection(ProjectConfigurationPlatforms) = postSolution
		{E9884055-1567-42BA-9381-616729A8F94B}.Debug|Any CPU.ActiveCfg = Debug|Any CPU
		{E9884055-1567-42BA-9381-616729A8F94B}.Debug|Any CPU.Build.0 = Debug|Any CPU
		{E9884055-1567-42BA-9381-616729A8F94B}.Release|Any CPU.ActiveCfg = Release|Any CPU
		{E9884055-1567-42BA-9381-616729A8F94B}.Release|Any CPU.Build.0 = Release|Any CPU
	EndGlobalSection
	GlobalSection(SolutionProperties) = preSolution
		HideSolutionNode = FALSE
	EndGlobalSection
	GlobalSection(ExtensibilityGlobals) = postSolution
		SolutionGuid = {C2C516F7-1B6C-4366-A9B5-24E4469B2C47}
	EndGlobalSection
EndGlobal
